
Microsoft Visual Studio Solution File, Format Version 12.00
# Visual Studio Version 16
VisualStudioVersion = 16.0.30717.126
MinimumVisualStudioVersion = 10.0.40219.1
Project("{9A19103F-16F7-4668-BE54-9A1E7A4F7556}") = "CandidatosProyect.Api", "CandidatosProyect.Api\CandidatosProyect.Api.csproj", "{3B4C4C6B-5C87-49C6-AAD5-A85448E375FC}"
EndProject
Project("{9A19103F-16F7-4668-BE54-9A1E7A4F7556}") = "CandidatosProyect.Datos", "CandidatosProyect.Datos\CandidatosProyect.Datos.csproj", "{B8FBED15-A493-45DF-8C5B-E23F47771D3F}"
EndProject
Project("{9A19103F-16F7-4668-BE54-9A1E7A4F7556}") = "CandidatosProyect.Entidades", "CandidatosProyect.Entidades\CandidatosProyect.Entidades.csproj", "{E3BB0CA9-0CB1-4396-A928-0FA0423EE08F}"
EndProject
Project("{9A19103F-16F7-4668-BE54-9A1E7A4F7556}") = "CandidatosProyect.Service", "CandidatosProyect.Service\CandidatosProyect.Service.csproj", "{19FBDD73-819A-47EA-8A52-B0CB37620850}"
EndProject
Project("{FAE04EC0-301F-11D3-BF4B-00C04F79EFBC}") = "CandidatosProyect.Client", "CandidatosProyect.Client\CandidatosProyect.Client.csproj", "{F40646C0-B54E-498F-B242-EC4909DCF894}"
EndProject
Global
	GlobalSection(SolutionConfigurationPlatforms) = preSolution
		Debug|Any CPU = Debug|Any CPU
		Release|Any CPU = Release|Any CPU
	EndGlobalSection
	GlobalSection(ProjectConfigurationPlatforms) = postSolution
		{3B4C4C6B-5C87-49C6-AAD5-A85448E375FC}.Debug|Any CPU.ActiveCfg = Debug|Any CPU
		{3B4C4C6B-5C87-49C6-AAD5-A85448E375FC}.Debug|Any CPU.Build.0 = Debug|Any CPU
		{3B4C4C6B-5C87-49C6-AAD5-A85448E375FC}.Release|Any CPU.ActiveCfg = Release|Any CPU
		{3B4C4C6B-5C87-49C6-AAD5-A85448E375FC}.Release|Any CPU.Build.0 = Release|Any CPU
		{B8FBED15-A493-45DF-8C5B-E23F47771D3F}.Debug|Any CPU.ActiveCfg = Debug|Any CPU
		{B8FBED15-A493-45DF-8C5B-E23F47771D3F}.Debug|Any CPU.Build.0 = Debug|Any CPU
		{B8FBED15-A493-45DF-8C5B-E23F47771D3F}.Release|Any CPU.ActiveCfg = Release|Any CPU
		{B8FBED15-A493-45DF-8C5B-E23F47771D3F}.Release|Any CPU.Build.0 = Release|Any CPU
		{E3BB0CA9-0CB1-4396-A928-0FA0423EE08F}.Debug|Any CPU.ActiveCfg = Debug|Any CPU
		{E3BB0CA9-0CB1-4396-A928-0FA0423EE08F}.Debug|Any CPU.Build.0 = Debug|Any CPU
		{E3BB0CA9-0CB1-4396-A928-0FA0423EE08F}.Release|Any CPU.ActiveCfg = Release|Any CPU
		{E3BB0CA9-0CB1-4396-A928-0FA0423EE08F}.Release|Any CPU.Build.0 = Release|Any CPU
		{19FBDD73-819A-47EA-8A52-B0CB37620850}.Debug|Any CPU.ActiveCfg = Debug|Any CPU
		{19FBDD73-819A-47EA-8A52-B0CB37620850}.Debug|Any CPU.Build.0 = Debug|Any CPU
		{19FBDD73-819A-47EA-8A52-B0CB37620850}.Release|Any CPU.ActiveCfg = Release|Any CPU
		{19FBDD73-819A-47EA-8A52-B0CB37620850}.Release|Any CPU.Build.0 = Release|Any CPU
		{F40646C0-B54E-498F-B242-EC4909DCF894}.Debug|Any CPU.ActiveCfg = Debug|Any CPU
		{F40646C0-B54E-498F-B242-EC4909DCF894}.Debug|Any CPU.Build.0 = Debug|Any CPU
		{F40646C0-B54E-498F-B242-EC4909DCF894}.Release|Any CPU.ActiveCfg = Release|Any CPU
		{F40646C0-B54E-498F-B242-EC4909DCF894}.Release|Any CPU.Build.0 = Release|Any CPU
	EndGlobalSection
	GlobalSection(SolutionProperties) = preSolution
		HideSolutionNode = FALSE
	EndGlobalSection
	GlobalSection(ExtensibilityGlobals) = postSolution
		SolutionGuid = {84D9B734-35AD-4045-B29F-13B7C7E3C983}
	EndGlobalSection
EndGlobal
